
Microsoft Visual Studio Solution File, Format Version 12.00
# Visual Studio Version 16
VisualStudioVersion = 16.0.31229.75
MinimumVisualStudioVersion = 10.0.40219.1
Project("{2150E333-8FDC-42A3-9474-1A3956D46DE8}") = "src", "src", "{2C72BD73-0F23-4C37-9F00-4465C86C72D5}"
EndProject
Project("{2150E333-8FDC-42A3-9474-1A3956D46DE8}") = "test", "test", "{4C25890E-B62A-4F08-A6DB-7030B20E27DF}"
EndProject
Project("{FAE04EC0-301F-11D3-BF4B-00C04F79EFBC}") = "Allegory.Standard.Filter", "src\Allegory.Standard.Filter\Allegory.Standard.Filter.csproj", "{070A7E4C-4F58-4BD1-9CB1-9D4AE69DA798}"
EndProject
Project("{FAE04EC0-301F-11D3-BF4B-00C04F79EFBC}") = "Allegory.Standard.Filter.Tests", "test\Allegory.Standard.Filter.Tests\Allegory.Standard.Filter.Tests.csproj", "{AFBCD6F5-A5F7-4A80-8BA3-EBC33A7AA2D3}"
EndProject
Global
	GlobalSection(SolutionConfigurationPlatforms) = preSolution
		Debug|Any CPU = Debug|Any CPU
		Release|Any CPU = Release|Any CPU
	EndGlobalSection
	GlobalSection(ProjectConfigurationPlatforms) = postSolution
		{070A7E4C-4F58-4BD1-9CB1-9D4AE69DA798}.Debug|Any CPU.ActiveCfg = Debug|Any CPU
		{070A7E4C-4F58-4BD1-9CB1-9D4AE69DA798}.Debug|Any CPU.Build.0 = Debug|Any CPU
		{070A7E4C-4F58-4BD1-9CB1-9D4AE69DA798}.Release|Any CPU.ActiveCfg = Release|Any CPU
		{070A7E4C-4F58-4BD1-9CB1-9D4AE69DA798}.Release|Any CPU.Build.0 = Release|Any CPU
		{AFBCD6F5-A5F7-4A80-8BA3-EBC33A7AA2D3}.Debug|Any CPU.ActiveCfg = Debug|Any CPU
		{AFBCD6F5-A5F7-4A80-8BA3-EBC33A7AA2D3}.Debug|Any CPU.Build.0 = Debug|Any CPU
		{AFBCD6F5-A5F7-4A80-8BA3-EBC33A7AA2D3}.Release|Any CPU.ActiveCfg = Release|Any CPU
		{AFBCD6F5-A5F7-4A80-8BA3-EBC33A7AA2D3}.Release|Any CPU.Build.0 = Release|Any CPU
	EndGlobalSection
	GlobalSection(SolutionProperties) = preSolution
		HideSolutionNode = FALSE
	EndGlobalSection
	GlobalSection(NestedProjects) = preSolution
		{070A7E4C-4F58-4BD1-9CB1-9D4AE69DA798} = {2C72BD73-0F23-4C37-9F00-4465C86C72D5}
		{AFBCD6F5-A5F7-4A80-8BA3-EBC33A7AA2D3} = {4C25890E-B62A-4F08-A6DB-7030B20E27DF}
	EndGlobalSection
	GlobalSection(ExtensibilityGlobals) = postSolution
		SolutionGuid = {C0D71235-D5C8-45BB-A444-834373A8E049}
	EndGlobalSection
EndGlobal
